
Microsoft Visual Studio Solution File, Format Version 12.00
# Visual Studio Version 17
VisualStudioVersion = 17.0.31903.59
MinimumVisualStudioVersion = 10.0.40219.1
Project("{9A19103F-16F7-4668-BE54-9A1E7A4F7556}") = "GeometricFigures", "GeometricFigures\GeometricFigures.csproj", "{220DC627-7C72-4651-B7E3-BFBDEB4EA828}"
EndProject
Project("{9A19103F-16F7-4668-BE54-9A1E7A4F7556}") = "GeometricFigures.Tests", "GeometricFigures.Tests\GeometricFigures.Tests.csproj", "{D2DFA526-656D-445C-AD64-BDAC2D60F40E}"
EndProject
Global
	GlobalSection(SolutionConfigurationPlatforms) = preSolution
		Debug|Any CPU = Debug|Any CPU
		Release|Any CPU = Release|Any CPU
	EndGlobalSection
	GlobalSection(ProjectConfigurationPlatforms) = postSolution
		{220DC627-7C72-4651-B7E3-BFBDEB4EA828}.Debug|Any CPU.ActiveCfg = Debug|Any CPU
		{220DC627-7C72-4651-B7E3-BFBDEB4EA828}.Debug|Any CPU.Build.0 = Debug|Any CPU
		{220DC627-7C72-4651-B7E3-BFBDEB4EA828}.Release|Any CPU.ActiveCfg = Release|Any CPU
		{220DC627-7C72-4651-B7E3-BFBDEB4EA828}.Release|Any CPU.Build.0 = Release|Any CPU
		{D2DFA526-656D-445C-AD64-BDAC2D60F40E}.Debug|Any CPU.ActiveCfg = Debug|Any CPU
		{D2DFA526-656D-445C-AD64-BDAC2D60F40E}.Debug|Any CPU.Build.0 = Debug|Any CPU
		{D2DFA526-656D-445C-AD64-BDAC2D60F40E}.Release|Any CPU.ActiveCfg = Release|Any CPU
		{D2DFA526-656D-445C-AD64-BDAC2D60F40E}.Release|Any CPU.Build.0 = Release|Any CPU
	EndGlobalSection
	GlobalSection(SolutionProperties) = preSolution
		HideSolutionNode = FALSE
	EndGlobalSection
	GlobalSection(ExtensibilityGlobals) = postSolution
		SolutionGuid = {E0177673-3260-4915-8C95-B55D72CBA49E}
	EndGlobalSection
EndGlobal
